{
  "nodes": {
    "nixpkgs": {
      "locked": {
        "lastModified": 1729902363,
        "narHash": "sha256-HWeds5ORD7dZZPco7qKrQHCKt1arH21UYPDvOi9THZI=",
        "owner": "NixOS",
        "repo": "nixpkgs",
        "rev": "54830391487253422f0ccab55fc557b2e725ace0",
        "type": "github"
      },
      "original": {
        "owner": "NixOS",
        "ref": "master",
        "repo": "nixpkgs",
        "type": "github"
      }
    },
    "root": {
      "inputs": {
        "nixpkgs": "nixpkgs"
      }
    }
  },
  "root": "root",
  "version": 7
}
