{
  "nodes": {
    "nixpkgs": {
      "locked": {
        "lastModified": 1705104847,
        "narHash": "sha256-ZHPcSXKMgoYpLWAhp+5ZEU6sU/+JOpwzErugHpQ6+NE=",
        "owner": "NixOS",
        "repo": "nixpkgs",
        "rev": "6023efb996565eeb24c39cae6597a3d2114b9538",
        "type": "github"
      },
      "original": {
        "owner": "NixOS",
        "ref": "master",
        "repo": "nixpkgs",
        "type": "github"
      }
    },
    "root": {
      "inputs": {
        "nixpkgs": "nixpkgs"
      }
    }
  },
  "root": "root",
  "version": 7
}
