{
  "nodes": {
    "nixpkgs": {
      "locked": {
        "lastModified": 1706918159,
        "narHash": "sha256-i3aS7d2scZ6Az7ZgW8gzGbWzHAob10s0uHu4zv3vXBU=",
        "owner": "NixOS",
        "repo": "nixpkgs",
        "rev": "e718d5841ae8cae2ef9b6917477b6459318f6a97",
        "type": "github"
      },
      "original": {
        "owner": "NixOS",
        "ref": "master",
        "repo": "nixpkgs",
        "type": "github"
      }
    },
    "root": {
      "inputs": {
        "nixpkgs": "nixpkgs"
      }
    }
  },
  "root": "root",
  "version": 7
}
